Microsoft Visual Studio Solution File, Format Version 12.00
# Visual Studio Version 17
VisualStudioVersion = 17.5.2.0
MinimumVisualStudioVersion = 10.0.40219.1
Project("{FAE04EC0-301F-11D3-BF4B-00C04F79EFBC}") = "EleicaoBrasil", "EleicaoBrasil.csproj", "{BF88BC12-FF20-EA15-6388-CCA5444B4504}"
EndProject
Global
	GlobalSection(SolutionConfigurationPlatforms) = preSolution
		Debug|Any CPU = Debug|Any CPU
		Release|Any CPU = Release|Any CPU
	EndGlobalSection
	GlobalSection(ProjectConfigurationPlatforms) = postSolution
		{BF88BC12-FF20-EA15-6388-CCA5444B4504}.Debug|Any CPU.ActiveCfg = Debug|Any CPU
		{BF88BC12-FF20-EA15-6388-CCA5444B4504}.Debug|Any CPU.Build.0 = Debug|Any CPU
		{BF88BC12-FF20-EA15-6388-CCA5444B4504}.Release|Any CPU.ActiveCfg = Release|Any CPU
		{BF88BC12-FF20-EA15-6388-CCA5444B4504}.Release|Any CPU.Build.0 = Release|Any CPU
	EndGlobalSection
	GlobalSection(SolutionProperties) = preSolution
		HideSolutionNode = FALSE
	EndGlobalSection
	GlobalSection(ExtensibilityGlobals) = postSolution
		SolutionGuid = {218007EC-D4B2-438F-BAEE-EEC93E2FDC35}
	EndGlobalSection
EndGlobal
